
Microsoft Visual Studio Solution File, Format Version 12.00
# Visual Studio 2013
VisualStudioVersion = 12.0.31101.0
MinimumVisualStudioVersion = 10.0.40219.1
Project("{FAE04EC0-301F-11D3-BF4B-00C04F79EFBC}") = "socket", "socket\socket.csproj", "{B25DAF30-97EF-4E10-9725-8413D8FC8BBC}"
EndProject
Project("{FAE04EC0-301F-11D3-BF4B-00C04F79EFBC}") = "Tank-Game", "..\..\4th sem\Programing Challenge\ConsoleApplication5\ConsoleApplication5\ConsoleApplication5\Tank-Game.csproj", "{033E74B5-B76D-4CD6-B1D6-52A4470F339D}"
EndProject
Project("{FAE04EC0-301F-11D3-BF4B-00C04F79EFBC}") = "lk.ac.mrt.cse.pc11", "..\..\4th sem\Programing Challenge\Server_v3.2.0.1\lk.ac.mrt.cse.pc11\lk.ac.mrt.cse.pc11.csproj", "{F0E3F41F-83C7-4E98-8486-D5A1F58E8C90}"
EndProject
Project("{FAE04EC0-301F-11D3-BF4B-00C04F79EFBC}") = "TankGame", "..\..\4th sem\Programing Challenge\TankGame\TankGame\TankGame\TankGame.csproj", "{450C200B-F37D-4C9C-834E-B09AB67E4092}"
EndProject
Project("{FAE04EC0-301F-11D3-BF4B-00C04F79EFBC}") = "heell", "..\C# Projects\heell\heell.csproj", "{2F6AABD5-D4E2-44C2-A99F-8B5C470C02CE}"
EndProject
Project("{FAE04EC0-301F-11D3-BF4B-00C04F79EFBC}") = "ClientProgram", "ClientProgram\ClientProgram\ClientProgram.csproj", "{5D2F4F81-CB07-43B1-8E30-02E51577AE72}"
EndProject
Global
	GlobalSection(SolutionConfigurationPlatforms) = preSolution
		Debug|Any CPU = Debug|Any CPU
		Release|Any CPU = Release|Any CPU
	EndGlobalSection
	GlobalSection(ProjectConfigurationPlatforms) = postSolution
		{B25DAF30-97EF-4E10-9725-8413D8FC8BBC}.Debug|Any CPU.ActiveCfg = Debug|Any CPU
		{B25DAF30-97EF-4E10-9725-8413D8FC8BBC}.Debug|Any CPU.Build.0 = Debug|Any CPU
		{B25DAF30-97EF-4E10-9725-8413D8FC8BBC}.Release|Any CPU.ActiveCfg = Release|Any CPU
		{B25DAF30-97EF-4E10-9725-8413D8FC8BBC}.Release|Any CPU.Build.0 = Release|Any CPU
		{033E74B5-B76D-4CD6-B1D6-52A4470F339D}.Debug|Any CPU.ActiveCfg = Debug|Any CPU
		{033E74B5-B76D-4CD6-B1D6-52A4470F339D}.Debug|Any CPU.Build.0 = Debug|Any CPU
		{033E74B5-B76D-4CD6-B1D6-52A4470F339D}.Release|Any CPU.ActiveCfg = Release|Any CPU
		{033E74B5-B76D-4CD6-B1D6-52A4470F339D}.Release|Any CPU.Build.0 = Release|Any CPU
		{F0E3F41F-83C7-4E98-8486-D5A1F58E8C90}.Debug|Any CPU.ActiveCfg = Debug|Any CPU
		{F0E3F41F-83C7-4E98-8486-D5A1F58E8C90}.Debug|Any CPU.Build.0 = Debug|Any CPU
		{F0E3F41F-83C7-4E98-8486-D5A1F58E8C90}.Release|Any CPU.ActiveCfg = Release|Any CPU
		{F0E3F41F-83C7-4E98-8486-D5A1F58E8C90}.Release|Any CPU.Build.0 = Release|Any CPU
		{450C200B-F37D-4C9C-834E-B09AB67E4092}.Debug|Any CPU.ActiveCfg = Debug|Any CPU
		{450C200B-F37D-4C9C-834E-B09AB67E4092}.Debug|Any CPU.Build.0 = Debug|Any CPU
		{450C200B-F37D-4C9C-834E-B09AB67E4092}.Release|Any CPU.ActiveCfg = Release|Any CPU
		{450C200B-F37D-4C9C-834E-B09AB67E4092}.Release|Any CPU.Build.0 = Release|Any CPU
		{2F6AABD5-D4E2-44C2-A99F-8B5C470C02CE}.Debug|Any CPU.ActiveCfg = Debug|Any CPU
		{2F6AABD5-D4E2-44C2-A99F-8B5C470C02CE}.Debug|Any CPU.Build.0 = Debug|Any CPU
		{2F6AABD5-D4E2-44C2-A99F-8B5C470C02CE}.Release|Any CPU.ActiveCfg = Release|Any CPU
		{2F6AABD5-D4E2-44C2-A99F-8B5C470C02CE}.Release|Any CPU.Build.0 = Release|Any CPU
		{5D2F4F81-CB07-43B1-8E30-02E51577AE72}.Debug|Any CPU.ActiveCfg = Debug|Any CPU
		{5D2F4F81-CB07-43B1-8E30-02E51577AE72}.Debug|Any CPU.Build.0 = Debug|Any CPU
		{5D2F4F81-CB07-43B1-8E30-02E51577AE72}.Release|Any CPU.ActiveCfg = Release|Any CPU
		{5D2F4F81-CB07-43B1-8E30-02E51577AE72}.Release|Any CPU.Build.0 = Release|Any CPU
	EndGlobalSection
	GlobalSection(SolutionProperties) = preSolution
		HideSolutionNode = FALSE
	EndGlobalSection
EndGlobal
